Microsoft Visual Studio Solution File, Format Version 12.00
# Visual Studio 14
VisualStudioVersion = 14.0.25420.1
MinimumVisualStudioVersion = 10.0.40219.1
Project("{FAE04EC0-301F-11D3-BF4B-00C04F79EFBC}") = "HttpListenerSample", "HttpListenerSample\HttpListenerSample.csproj", "{668D5F41-090C-430D-98C6-C5F4E0095624}"
EndProject
Project("{FAE04EC0-301F-11D3-BF4B-00C04F79EFBC}") = "HttpListenerSample.iOS", "iOS\HttpListenerSample.iOS.csproj", "{F00D4B8C-30DD-4F50-AD08-11633A25881A}"
EndProject
Project("{FAE04EC0-301F-11D3-BF4B-00C04F79EFBC}") = "HttpListenerSample.Droid", "Droid\HttpListenerSample.Droid.csproj", "{047440E0-97BF-4FE3-8845-967BCCB5F303}"
EndProject
Project("{FAE04EC0-301F-11D3-BF4B-00C04F79EFBC}") = "HttpListenerSample.WinPhone", "HttpListenerSample.WinPhone\HttpListenerSample.WinPhone.csproj", "{732B34EB-3EE3-46B3-AAD0-1F619A716A09}"
EndProject
Global
	GlobalSection(SolutionConfigurationPlatforms) = preSolution
		Debug|Any CPU = Debug|Any CPU
		Debug|ARM = Debug|ARM
		Debug|iPhone = Debug|iPhone
		Debug|iPhoneSimulator = Debug|iPhoneSimulator
		Debug|x64 = Debug|x64
		Debug|x86 = Debug|x86
		Release|Any CPU = Release|Any CPU
		Release|ARM = Release|ARM
		Release|iPhone = Release|iPhone
		Release|iPhoneSimulator = Release|iPhoneSimulator
		Release|x64 = Release|x64
		Release|x86 = Release|x86
	EndGlobalSection
	GlobalSection(ProjectConfigurationPlatforms) = postSolution
		{668D5F41-090C-430D-98C6-C5F4E0095624}.Debug|Any CPU.ActiveCfg = Debug|Any CPU
		{668D5F41-090C-430D-98C6-C5F4E0095624}.Debug|Any CPU.Build.0 = Debug|Any CPU
		{668D5F41-090C-430D-98C6-C5F4E0095624}.Debug|ARM.ActiveCfg = Debug|Any CPU
		{668D5F41-090C-430D-98C6-C5F4E0095624}.Debug|ARM.Build.0 = Debug|Any CPU
		{668D5F41-090C-430D-98C6-C5F4E0095624}.Debug|iPhone.ActiveCfg = Debug|Any CPU
		{668D5F41-090C-430D-98C6-C5F4E0095624}.Debug|iPhone.Build.0 = Debug|Any CPU
		{668D5F41-090C-430D-98C6-C5F4E0095624}.Debug|iPhoneSimulator.ActiveCfg = Debug|Any CPU
		{668D5F41-090C-430D-98C6-C5F4E0095624}.Debug|iPhoneSimulator.Build.0 = Debug|Any CPU
		{668D5F41-090C-430D-98C6-C5F4E0095624}.Debug|x64.ActiveCfg = Debug|Any CPU
		{668D5F41-090C-430D-98C6-C5F4E0095624}.Debug|x64.Build.0 = Debug|Any CPU
		{668D5F41-090C-430D-98C6-C5F4E0095624}.Debug|x86.ActiveCfg = Debug|Any CPU
		{668D5F41-090C-430D-98C6-C5F4E0095624}.Debug|x86.Build.0 = Debug|Any CPU
		{668D5F41-090C-430D-98C6-C5F4E0095624}.Release|Any CPU.ActiveCfg = Release|Any CPU
		{668D5F41-090C-430D-98C6-C5F4E0095624}.Release|Any CPU.Build.0 = Release|Any CPU
		{668D5F41-090C-430D-98C6-C5F4E0095624}.Release|ARM.ActiveCfg = Release|Any CPU
		{668D5F41-090C-430D-98C6-C5F4E0095624}.Release|ARM.Build.0 = Release|Any CPU
		{668D5F41-090C-430D-98C6-C5F4E0095624}.Release|iPhone.ActiveCfg = Release|Any CPU
		{668D5F41-090C-430D-98C6-C5F4E0095624}.Release|iPhone.Build.0 = Release|Any CPU
		{668D5F41-090C-430D-98C6-C5F4E0095624}.Release|iPhoneSimulator.ActiveCfg = Release|Any CPU
		{668D5F41-090C-430D-98C6-C5F4E0095624}.Release|iPhoneSimulator.Build.0 = Release|Any CPU
		{668D5F41-090C-430D-98C6-C5F4E0095624}.Release|x64.ActiveCfg = Release|Any CPU
		{668D5F41-090C-430D-98C6-C5F4E0095624}.Release|x64.Build.0 = Release|Any CPU
		{668D5F41-090C-430D-98C6-C5F4E0095624}.Release|x86.ActiveCfg = Release|Any CPU
		{668D5F41-090C-430D-98C6-C5F4E0095624}.Release|x86.Build.0 = Release|Any CPU
		{F00D4B8C-30DD-4F50-AD08-11633A25881A}.Debug|Any CPU.ActiveCfg = Debug|iPhone
		{F00D4B8C-30DD-4F50-AD08-11633A25881A}.Debug|Any CPU.Build.0 = Debug|iPhone
		{F00D4B8C-30DD-4F50-AD08-11633A25881A}.Debug|ARM.ActiveCfg = Debug|iPhoneSimulator
		{F00D4B8C-30DD-4F50-AD08-11633A25881A}.Debug|iPhone.ActiveCfg = Debug|iPhone
		{F00D4B8C-30DD-4F50-AD08-11633A25881A}.Debug|iPhone.Build.0 = Debug|iPhone
		{F00D4B8C-30DD-4F50-AD08-11633A25881A}.Debug|iPhoneSimulator.ActiveCfg = Debug|iPhoneSimulator
		{F00D4B8C-30DD-4F50-AD08-11633A25881A}.Debug|iPhoneSimulator.Build.0 = Debug|iPhoneSimulator
		{F00D4B8C-30DD-4F50-AD08-11633A25881A}.Debug|x64.ActiveCfg = Debug|iPhoneSimulator
		{F00D4B8C-30DD-4F50-AD08-11633A25881A}.Debug|x86.ActiveCfg = Debug|iPhoneSimulator
		{F00D4B8C-30DD-4F50-AD08-11633A25881A}.Release|Any CPU.ActiveCfg = Release|iPhone
		{F00D4B8C-30DD-4F50-AD08-11633A25881A}.Release|Any CPU.Build.0 = Release|iPhone
		{F00D4B8C-30DD-4F50-AD08-11633A25881A}.Release|ARM.ActiveCfg = Release|iPhoneSimulator
		{F00D4B8C-30DD-4F50-AD08-11633A25881A}.Release|iPhone.ActiveCfg = Release|iPhone
		{F00D4B8C-30DD-4F50-AD08-11633A25881A}.Release|iPhone.Build.0 = Release|iPhone
		{F00D4B8C-30DD-4F50-AD08-11633A25881A}.Release|iPhoneSimulator.ActiveCfg = Release|iPhoneSimulator
		{F00D4B8C-30DD-4F50-AD08-11633A25881A}.Release|iPhoneSimulator.Build.0 = Release|iPhoneSimulator
		{F00D4B8C-30DD-4F50-AD08-11633A25881A}.Release|x64.ActiveCfg = Release|iPhoneSimulator
		{F00D4B8C-30DD-4F50-AD08-11633A25881A}.Release|x86.ActiveCfg = Release|iPhoneSimulator
		{047440E0-97BF-4FE3-8845-967BCCB5F303}.Debug|Any CPU.ActiveCfg = Debug|Any CPU
		{047440E0-97BF-4FE3-8845-967BCCB5F303}.Debug|Any CPU.Build.0 = Debug|Any CPU
		{047440E0-97BF-4FE3-8845-967BCCB5F303}.Debug|ARM.ActiveCfg = Debug|Any CPU
		{047440E0-97BF-4FE3-8845-967BCCB5F303}.Debug|ARM.Build.0 = Debug|Any CPU
		{047440E0-97BF-4FE3-8845-967BCCB5F303}.Debug|ARM.Deploy.0 = Debug|Any CPU
		{047440E0-97BF-4FE3-8845-967BCCB5F303}.Debug|iPhone.ActiveCfg = Debug|Any CPU
		{047440E0-97BF-4FE3-8845-967BCCB5F303}.Debug|iPhone.Build.0 = Debug|Any CPU
		{047440E0-97BF-4FE3-8845-967BCCB5F303}.Debug|iPhoneSimulator.ActiveCfg = Debug|Any CPU
		{047440E0-97BF-4FE3-8845-967BCCB5F303}.Debug|iPhoneSimulator.Build.0 = Debug|Any CPU
		{047440E0-97BF-4FE3-8845-967BCCB5F303}.Debug|x64.ActiveCfg = Debug|Any CPU
		{047440E0-97BF-4FE3-8845-967BCCB5F303}.Debug|x64.Build.0 = Debug|Any CPU
		{047440E0-97BF-4FE3-8845-967BCCB5F303}.Debug|x64.Deploy.0 = Debug|Any CPU
		{047440E0-97BF-4FE3-8845-967BCCB5F303}.Debug|x86.ActiveCfg = Debug|Any CPU
		{047440E0-97BF-4FE3-8845-967BCCB5F303}.Debug|x86.Build.0 = Debug|Any CPU
		{047440E0-97BF-4FE3-8845-967BCCB5F303}.Debug|x86.Deploy.0 = Debug|Any CPU
		{047440E0-97BF-4FE3-8845-967BCCB5F303}.Release|Any CPU.ActiveCfg = Release|Any CPU
		{047440E0-97BF-4FE3-8845-967BCCB5F303}.Release|Any CPU.Build.0 = Release|Any CPU
		{047440E0-97BF-4FE3-8845-967BCCB5F303}.Release|ARM.ActiveCfg = Release|Any CPU
		{047440E0-97BF-4FE3-8845-967BCCB5F303}.Release|ARM.Build.0 = Release|Any CPU
		{047440E0-97BF-4FE3-8845-967BCCB5F303}.Release|ARM.Deploy.0 = Release|Any CPU
		{047440E0-97BF-4FE3-8845-967BCCB5F303}.Release|iPhone.ActiveCfg = Release|Any CPU
		{047440E0-97BF-4FE3-8845-967BCCB5F303}.Release|iPhone.Build.0 = Release|Any CPU
		{047440E0-97BF-4FE3-8845-967BCCB5F303}.Release|iPhoneSimulator.ActiveCfg = Release|Any CPU
		{047440E0-97BF-4FE3-8845-967BCCB5F303}.Release|iPhoneSimulator.Build.0 = Release|Any CPU
		{047440E0-97BF-4FE3-8845-967BCCB5F303}.Release|x64.ActiveCfg = Release|Any CPU
		{047440E0-97BF-4FE3-8845-967BCCB5F303}.Release|x64.Build.0 = Release|Any CPU
		{047440E0-97BF-4FE3-8845-967BCCB5F303}.Release|x64.Deploy.0 = Release|Any CPU
		{047440E0-97BF-4FE3-8845-967BCCB5F303}.Release|x86.ActiveCfg = Release|Any CPU
		{047440E0-97BF-4FE3-8845-967BCCB5F303}.Release|x86.Build.0 = Release|Any CPU
		{047440E0-97BF-4FE3-8845-967BCCB5F303}.Release|x86.Deploy.0 = Release|Any CPU
		{732B34EB-3EE3-46B3-AAD0-1F619A716A09}.Debug|Any CPU.ActiveCfg = Debug|Any CPU
		{732B34EB-3EE3-46B3-AAD0-1F619A716A09}.Debug|Any CPU.Build.0 = Debug|Any CPU
		{732B34EB-3EE3-46B3-AAD0-1F619A716A09}.Debug|Any CPU.Deploy.0 = Debug|Any CPU
		{732B34EB-3EE3-46B3-AAD0-1F619A716A09}.Debug|ARM.ActiveCfg = Debug|ARM
		{732B34EB-3EE3-46B3-AAD0-1F619A716A09}.Debug|ARM.Build.0 = Debug|ARM
		{732B34EB-3EE3-46B3-AAD0-1F619A716A09}.Debug|ARM.Deploy.0 = Debug|ARM
		{732B34EB-3EE3-46B3-AAD0-1F619A716A09}.Debug|iPhone.ActiveCfg = Debug|Any CPU
		{732B34EB-3EE3-46B3-AAD0-1F619A716A09}.Debug|iPhone.Build.0 = Debug|Any CPU
		{732B34EB-3EE3-46B3-AAD0-1F619A716A09}.Debug|iPhone.Deploy.0 = Debug|Any CPU
		{732B34EB-3EE3-46B3-AAD0-1F619A716A09}.Debug|iPhoneSimulator.ActiveCfg = Debug|Any CPU
		{732B34EB-3EE3-46B3-AAD0-1F619A716A09}.Debug|iPhoneSimulator.Build.0 = Debug|Any CPU
		{732B34EB-3EE3-46B3-AAD0-1F619A716A09}.Debug|iPhoneSimulator.Deploy.0 = Debug|Any CPU
		{732B34EB-3EE3-46B3-AAD0-1F619A716A09}.Debug|x64.ActiveCfg = Debug|Any CPU
		{732B34EB-3EE3-46B3-AAD0-1F619A716A09}.Debug|x64.Build.0 = Debug|Any CPU
		{732B34EB-3EE3-46B3-AAD0-1F619A716A09}.Debug|x64.Deploy.0 = Debug|Any CPU
		{732B34EB-3EE3-46B3-AAD0-1F619A716A09}.Debug|x86.ActiveCfg = Debug|x86
		{732B34EB-3EE3-46B3-AAD0-1F619A716A09}.Debug|x86.Build.0 = Debug|x86
		{732B34EB-3EE3-46B3-AAD0-1F619A716A09}.Debug|x86.Deploy.0 = Debug|x86
		{732B34EB-3EE3-46B3-AAD0-1F619A716A09}.Release|Any CPU.ActiveCfg = Release|Any CPU
		{732B34EB-3EE3-46B3-AAD0-1F619A716A09}.Release|Any CPU.Build.0 = Release|Any CPU
		{732B34EB-3EE3-46B3-AAD0-1F619A716A09}.Release|Any CPU.Deploy.0 = Release|Any CPU
		{732B34EB-3EE3-46B3-AAD0-1F619A716A09}.Release|ARM.ActiveCfg = Release|ARM
		{732B34EB-3EE3-46B3-AAD0-1F619A716A09}.Release|ARM.Build.0 = Release|ARM
		{732B34EB-3EE3-46B3-AAD0-1F619A716A09}.Release|ARM.Deploy.0 = Release|ARM
		{732B34EB-3EE3-46B3-AAD0-1F619A716A09}.Release|iPhone.ActiveCfg = Release|Any CPU
		{732B34EB-3EE3-46B3-AAD0-1F619A716A09}.Release|iPhone.Build.0 = Release|Any CPU
		{732B34EB-3EE3-46B3-AAD0-1F619A716A09}.Release|iPhone.Deploy.0 = Release|Any CPU
		{732B34EB-3EE3-46B3-AAD0-1F619A716A09}.Release|iPhoneSimulator.ActiveCfg = Release|Any CPU
		{732B34EB-3EE3-46B3-AAD0-1F619A716A09}.Release|iPhoneSimulator.Build.0 = Release|Any CPU
		{732B34EB-3EE3-46B3-AAD0-1F619A716A09}.Release|iPhoneSimulator.Deploy.0 = Release|Any CPU
		{732B34EB-3EE3-46B3-AAD0-1F619A716A09}.Release|x64.ActiveCfg = Release|Any CPU
		{732B34EB-3EE3-46B3-AAD0-1F619A716A09}.Release|x64.Build.0 = Release|Any CPU
		{732B34EB-3EE3-46B3-AAD0-1F619A716A09}.Release|x64.Deploy.0 = Release|Any CPU
		{732B34EB-3EE3-46B3-AAD0-1F619A716A09}.Release|x86.ActiveCfg = Release|x86
		{732B34EB-3EE3-46B3-AAD0-1F619A716A09}.Release|x86.Build.0 = Release|x86
		{732B34EB-3EE3-46B3-AAD0-1F619A716A09}.Release|x86.Deploy.0 = Release|x86
	EndGlobalSection
	GlobalSection(SolutionProperties) = preSolution
		HideSolutionNode = FALSE
	EndGlobalSection
EndGlobal
